
Microsoft Visual Studio Solution File, Format Version 12.00
# Visual Studio Version 17
VisualStudioVersion = 17.4.33110.190
MinimumVisualStudioVersion = 10.0.40219.1
Project("{9A19103F-16F7-4668-BE54-9A1E7A4F7556}") = "FinancialTracker", "FinancialTracker\FinancialTracker.csproj", "{784E2346-A858-4131-A8DE-F7A472DB091E}"
EndProject
Global
	GlobalSection(SolutionConfigurationPlatforms) = preSolution
		Debug|Any CPU = Debug|Any CPU
		Release|Any CPU = Release|Any CPU
	EndGlobalSection
	GlobalSection(ProjectConfigurationPlatforms) = postSolution
		{784E2346-A858-4131-A8DE-F7A472DB091E}.Debug|Any CPU.ActiveCfg = Debug|Any CPU
		{784E2346-A858-4131-A8DE-F7A472DB091E}.Debug|Any CPU.Build.0 = Debug|Any CPU
		{784E2346-A858-4131-A8DE-F7A472DB091E}.Release|Any CPU.ActiveCfg = Release|Any CPU
		{784E2346-A858-4131-A8DE-F7A472DB091E}.Release|Any CPU.Build.0 = Release|Any CPU
	EndGlobalSection
	GlobalSection(SolutionProperties) = preSolution
		HideSolutionNode = FALSE
	EndGlobalSection
	GlobalSection(ExtensibilityGlobals) = postSolution
		SolutionGuid = {F1BA85C2-17C7-4922-9634-C7AB48E46882}
	EndGlobalSection
EndGlobal
